
Microsoft Visual Studio Solution File, Format Version 12.00
# Visual Studio 15
VisualStudioVersion = 15.0.27428.2027
MinimumVisualStudioVersion = 10.0.40219.1
Project("{FAE04EC0-301F-11D3-BF4B-00C04F79EFBC}") = "ConsoleApp", "ConsoleApp\ConsoleApp.csproj", "{450836D5-B4FC-4472-8EF7-DB5C3B0B35CB}"
EndProject
Global
	GlobalSection(SolutionConfigurationPlatforms) = preSolution
		Debug|Any CPU = Debug|Any CPU
		Release|Any CPU = Release|Any CPU
	EndGlobalSection
	GlobalSection(ProjectConfigurationPlatforms) = postSolution
		{450836D5-B4FC-4472-8EF7-DB5C3B0B35CB}.Debug|Any CPU.ActiveCfg = Debug|Any CPU
		{450836D5-B4FC-4472-8EF7-DB5C3B0B35CB}.Debug|Any CPU.Build.0 = Debug|Any CPU
		{450836D5-B4FC-4472-8EF7-DB5C3B0B35CB}.Release|Any CPU.ActiveCfg = Release|Any CPU
		{450836D5-B4FC-4472-8EF7-DB5C3B0B35CB}.Release|Any CPU.Build.0 = Release|Any CPU
	EndGlobalSection
	GlobalSection(SolutionProperties) = preSolution
		HideSolutionNode = FALSE
	EndGlobalSection
	GlobalSection(ExtensibilityGlobals) = postSolution
		SolutionGuid = {5BE2BA15-4668-44B0-9E40-4CE7CDF4B8DE}
	EndGlobalSection
EndGlobal
